
Microsoft Visual Studio Solution File, Format Version 11.00
# Visual Studio 2010
Project("{FAE04EC0-301F-11D3-BF4B-00C04F79EFBC}") = "4_Argon_Assult", "Assembly-CSharp-firstpass.csproj", "{5121548D-9854-3284-A8B3-2C0FE157D317}"
EndProject
Project("{FAE04EC0-301F-11D3-BF4B-00C04F79EFBC}") = "4_Argon_Assult", "Assembly-CSharp.csproj", "{F6C960F5-A519-ACD8-1297-89E70904D92E}"
EndProject
Project("{FAE04EC0-301F-11D3-BF4B-00C04F79EFBC}") = "4_Argon_Assult", "Assembly-CSharp-Editor-firstpass.csproj", "{0072967C-28E0-A35D-B0E2-77CBF80E348B}"
EndProject
Global
	GlobalSection(SolutionConfigurationPlatforms) = preSolution
		Debug|Any CPU = Debug|Any CPU
		Release|Any CPU = Release|Any CPU
	EndGlobalSection
	GlobalSection(ProjectConfigurationPlatforms) = postSolution
		{5121548D-9854-3284-A8B3-2C0FE157D317}.Debug|Any CPU.ActiveCfg = Debug|Any CPU
		{5121548D-9854-3284-A8B3-2C0FE157D317}.Debug|Any CPU.Build.0 = Debug|Any CPU
		{5121548D-9854-3284-A8B3-2C0FE157D317}.Release|Any CPU.ActiveCfg = Release|Any CPU
		{5121548D-9854-3284-A8B3-2C0FE157D317}.Release|Any CPU.Build.0 = Release|Any CPU
		{F6C960F5-A519-ACD8-1297-89E70904D92E}.Debug|Any CPU.ActiveCfg = Debug|Any CPU
		{F6C960F5-A519-ACD8-1297-89E70904D92E}.Debug|Any CPU.Build.0 = Debug|Any CPU
		{F6C960F5-A519-ACD8-1297-89E70904D92E}.Release|Any CPU.ActiveCfg = Release|Any CPU
		{F6C960F5-A519-ACD8-1297-89E70904D92E}.Release|Any CPU.Build.0 = Release|Any CPU
		{0072967C-28E0-A35D-B0E2-77CBF80E348B}.Debug|Any CPU.ActiveCfg = Debug|Any CPU
		{0072967C-28E0-A35D-B0E2-77CBF80E348B}.Debug|Any CPU.Build.0 = Debug|Any CPU
		{0072967C-28E0-A35D-B0E2-77CBF80E348B}.Release|Any CPU.ActiveCfg = Release|Any CPU
		{0072967C-28E0-A35D-B0E2-77CBF80E348B}.Release|Any CPU.Build.0 = Release|Any CPU
	EndGlobalSection
	GlobalSection(SolutionProperties) = preSolution
		HideSolutionNode = FALSE
	EndGlobalSection
	GlobalSection(MonoDevelopProperties) = preSolution
		StartupItem = Assembly-CSharp.csproj
	EndGlobalSection
EndGlobal
